# Environment lock for MoE-SD experiments
# Updated: 2026-03-16

os: ubuntu22.04
python: "3.10"

cuda:
  driver: "550.xx"
  toolkit: "12.4"
  cudnn: "9"
  nccl: "2.21"

gpu:
  tested_skus:
    - "NVIDIA A100 80GB"

runtime:
  vllm: "0.8.5"
  speculators: "eagle3-compatible build"
  torch: "2.6.0"
  transformers: "4.51.0"
  flash_attn: "2.7.4.post1"

notes:
  - "If GPU driver differs, rerun scripts/env_report.sh and compare before benchmark."